// !$*UTF8*$!
{
	archiveVersion = 1;
	classes = {
	};
	objectVersion = 56;
	objects = {

/* Begin PBXBuildFile section */
		C93C844F28F9007C005865B4 /* CustomMapAnnotation.swift in Sources */ = {isa = PBXBuildFile; fileRef = C93C844E28F9007C005865B4 /* CustomMapAnnotation.swift */; };
		C93C845128F902C2005865B4 /* EditView.swift in Sources */ = {isa = PBXBuildFile; fileRef = C93C845028F902C2005865B4 /* EditView.swift */; };
		C98597DB28F321EE000ED2A0 /* BucketListApp.swift in Sources */ = {isa = PBXBuildFile; fileRef = C98597DA28F321EE000ED2A0 /* BucketListApp.swift */; };
		C98597DD28F321EE000ED2A0 /* ContentView.swift in Sources */ = {isa = PBXBuildFile; fileRef = C98597DC28F321EE000ED2A0 /* ContentView.swift */; };
		C98597DF28F321EE000ED2A0 /* Assets.xcassets in Resources */ = {isa = PBXBuildFile; fileRef = C98597DE28F321EE000ED2A0 /* Assets.xcassets */; };
		C98597E228F321EE000ED2A0 /* Preview Assets.xcassets in Resources */ = {isa = PBXBuildFile; fileRef = C98597E128F321EE000ED2A0 /* Preview Assets.xcassets */; };
		C98597EC28F321EE000ED2A0 /* BucketListTests.swift in Sources */ = {isa = PBXBuildFile; fileRef = C98597EB28F321EE000ED2A0 /* BucketListTests.swift */; };
		C98597F628F321EE000ED2A0 /* BucketListUITests.swift in Sources */ = {isa = PBXBuildFile; fileRef = C98597F528F321EE000ED2A0 /* BucketListUITests.swift */; };
		C98597F828F321EE000ED2A0 /* BucketListUITestsLaunchTests.swift in Sources */ = {isa = PBXBuildFile; fileRef = C98597F728F321EE000ED2A0 /* BucketListUITestsLaunchTests.swift */; };
		C985980628F32225000ED2A0 /* Helpers.swift in Sources */ = {isa = PBXBuildFile; fileRef = C985980528F32225000ED2A0 /* Helpers.swift */; };
		C985980928F32420000ED2A0 /* Location.swift in Sources */ = {isa = PBXBuildFile; fileRef = C985980828F32420000ED2A0 /* Location.swift */; };
		C985980E28F341BD000ED2A0 /* AddLocationBtn.swift in Sources */ = {isa = PBXBuildFile; fileRef = C985980D28F341BD000ED2A0 /* AddLocationBtn.swift */; };
/* End PBXBuildFile section */

/* Begin PBXContainerItemProxy section */
		C98597E828F321EE000ED2A0 /* PBXContainerItemProxy */ = {
			isa = PBXContainerItemProxy;
			containerPortal = C98597CF28F321EE000ED2A0 /* Project object */;
			proxyType = 1;
			remoteGlobalIDString = C98597D628F321EE000ED2A0;
			remoteInfo = BucketList;
		};
		C98597F228F321EE000ED2A0 /* PBXContainerItemProxy */ = {
			isa = PBXContainerItemProxy;
			containerPortal = C98597CF28F321EE000ED2A0 /* Project object */;
			proxyType = 1;
			remoteGlobalIDString = C98597D628F321EE000ED2A0;
			remoteInfo = BucketList;
		};
/* End PBXContainerItemProxy section */

/* Begin PBXFileReference section */
		C93C844E28F9007C005865B4 /* CustomMapAnnotation.swift */ = {isa = PBXFileReference; lastKnownFileType = sourcecode.swift; path = CustomMapAnnotation.swift; sourceTree = "<group>"; };
		C93C845028F902C2005865B4 /* EditView.swift */ = {isa = PBXFileReference; lastKnownFileType = sourcecode.swift; path = EditView.swift; sourceTree = "<group>"; };
		C98597D728F321EE000ED2A0 /* BucketList.app */ = {isa = PBXFileReference; explicitFileType = wrapper.application; includeInIndex = 0; path = BucketList.app; sourceTree = BUILT_PRODUCTS_DIR; };
		C98597DA28F321EE000ED2A0 /* BucketListApp.swift */ = {isa = PBXFileReference; lastKnownFileType = sourcecode.swift; path = BucketListApp.swift; sourceTree = "<group>"; };
		C98597DC28F321EE000ED2A0 /* ContentView.swift */ = {isa = PBXFileReference; lastKnownFileType = sourcecode.swift; path = ContentView.swift; sourceTree = "<group>"; };
		C98597DE28F321EE000ED2A0 /* Assets.xcassets */ = {isa = PBXFileReference; lastKnownFileType = folder.assetcatalog; path = Assets.xcassets; sourceTree = "<group>"; };
		C98597E128F321EE000ED2A0 /* Preview Assets.xcassets */ = {isa = PBXFileReference; lastKnownFileType = folder.assetcatalog; path = "Preview Assets.xcassets"; sourceTree = "<group>"; };
		C98597E728F321EE000ED2A0 /* BucketListTests.xctest */ = {isa = PBXFileReference; explicitFileType = wrapper.cfbundle; includeInIndex = 0; path = BucketListTests.xctest; sourceTree = BUILT_PRODUCTS_DIR; };
		C98597EB28F321EE000ED2A0 /* BucketListTests.swift */ = {isa = PBXFileReference; lastKnownFileType = sourcecode.swift; path = BucketListTests.swift; sourceTree = "<group>"; };
		C98597F128F321EE000ED2A0 /* BucketListUITests.xctest */ = {isa = PBXFileReference; explicitFileType = wrapper.cfbundle; includeInIndex = 0; path = BucketListUITests.xctest; sourceTree = BUILT_PRODUCTS_DIR; };
		C98597F528F321EE000ED2A0 /* BucketListUITests.swift */ = {isa = PBXFileReference; lastKnownFileType = sourcecode.swift; path = BucketListUITests.swift; sourceTree = "<group>"; };
		C98597F728F321EE000ED2A0 /* BucketListUITestsLaunchTests.swift */ = {isa = PBXFileReference; lastKnownFileType = sourcecode.swift; path = BucketListUITestsLaunchTests.swift; sourceTree = "<group>"; };
		C985980528F32225000ED2A0 /* Helpers.swift */ = {isa = PBXFileReference; lastKnownFileType = sourcecode.swift; path = Helpers.swift; sourceTree = "<group>"; };
		C985980828F32420000ED2A0 /* Location.swift */ = {isa = PBXFileReference; lastKnownFileType = sourcecode.swift; path = Location.swift; sourceTree = "<group>"; };
		C985980D28F341BD000ED2A0 /* AddLocationBtn.swift */ = {isa = PBXFileReference; lastKnownFileType = sourcecode.swift; path = AddLocationBtn.swift; sourceTree = "<group>"; };
/* End PBXFileReference section */

/* Begin PBXFrameworksBuildPhase section */
		C98597D428F321EE000ED2A0 /* Frameworks */ = {
			isa = PBXFrameworksBuildPhase;
			buildActionMask = 2147483647;
			files = (
			);
			runOnlyForDeploymentPostprocessing = 0;
		};
		C98597E428F321EE000ED2A0 /* Frameworks */ = {
			isa = PBXFrameworksBuildPhase;
			buildActionMask = 2147483647;
			files = (
			);
			runOnlyForDeploymentPostprocessing = 0;
		};
		C98597EE28F321EE000ED2A0 /* Frameworks */ = {
			isa = PBXFrameworksBuildPhase;
			buildActionMask = 2147483647;
			files = (
			);
			runOnlyForDeploymentPostprocessing = 0;
		};
/* End PBXFrameworksBuildPhase section */

/* Begin PBXGroup section */
		C98597CE28F321EE000ED2A0 = {
			isa = PBXGroup;
			children = (
				C98597D928F321EE000ED2A0 /* BucketList */,
				C98597EA28F321EE000ED2A0 /* BucketListTests */,
				C98597F428F321EE000ED2A0 /* BucketListUITests */,
				C98597D828F321EE000ED2A0 /* Products */,
			);
			sourceTree = "<group>";
		};
		C98597D828F321EE000ED2A0 /* Products */ = {
			isa = PBXGroup;
			children = (
				C98597D728F321EE000ED2A0 /* BucketList.app */,
				C98597E728F321EE000ED2A0 /* BucketListTests.xctest */,
				C98597F128F321EE000ED2A0 /* BucketListUITests.xctest */,
			);
			name = Products;
			sourceTree = "<group>";
		};
		C98597D928F321EE000ED2A0 /* BucketList */ = {
			isa = PBXGroup;
			children = (
				C985980C28F341AB000ED2A0 /* View */,
				C985980728F32411000ED2A0 /* Model */,
				C985980428F3220E000ED2A0 /* Helper */,
				C98597DA28F321EE000ED2A0 /* BucketListApp.swift */,
				C98597DC28F321EE000ED2A0 /* ContentView.swift */,
				C98597DE28F321EE000ED2A0 /* Assets.xcassets */,
				C98597E028F321EE000ED2A0 /* Preview Content */,
			);
			path = BucketList;
			sourceTree = "<group>";
		};
		C98597E028F321EE000ED2A0 /* Preview Content */ = {
			isa = PBXGroup;
			children = (
				C98597E128F321EE000ED2A0 /* Preview Assets.xcassets */,
			);
			path = "Preview Content";
			sourceTree = "<group>";
		};
		C98597EA28F321EE000ED2A0 /* BucketListTests */ = {
			isa = PBXGroup;
			children = (
				C98597EB28F321EE000ED2A0 /* BucketListTests.swift */,
			);
			path = BucketListTests;
			sourceTree = "<group>";
		};
		C98597F428F321EE000ED2A0 /* BucketListUITests */ = {
			isa = PBXGroup;
			children = (
				C98597F528F321EE000ED2A0 /* BucketListUITests.swift */,
				C98597F728F321EE000ED2A0 /* BucketListUITestsLaunchTests.swift */,
			);
			path = BucketListUITests;
			sourceTree = "<group>";
		};
		C985980428F3220E000ED2A0 /* Helper */ = {
			isa = PBXGroup;
			children = (
				C985980528F32225000ED2A0 /* Helpers.swift */,
			);
			path = Helper;
			sourceTree = "<group>";
		};
		C985980728F32411000ED2A0 /* Model */ = {
			isa = PBXGroup;
			children = (
				C985980828F32420000ED2A0 /* Location.swift */,
			);
			path = Model;
			sourceTree = "<group>";
		};
		C985980C28F341AB000ED2A0 /* View */ = {
			isa = PBXGroup;
			children = (
				C985980D28F341BD000ED2A0 /* AddLocationBtn.swift */,
				C93C844E28F9007C005865B4 /* CustomMapAnnotation.swift */,
				C93C845028F902C2005865B4 /* EditView.swift */,
			);
			path = View;
			sourceTree = "<group>";
		};
/* End PBXGroup section */

/* Begin PBXNativeTarget section */
		C98597D628F321EE000ED2A0 /* BucketList */ = {
			isa = PBXNativeTarget;
			buildConfigurationList = C98597FB28F321EE000ED2A0 /* Build configuration list for PBXNativeTarget "BucketList" */;
			buildPhases = (
				C98597D328F321EE000ED2A0 /* Sources */,
				C98597D428F321EE000ED2A0 /* Frameworks */,
				C98597D528F321EE000ED2A0 /* Resources */,
			);
			buildRules = (
			);
			dependencies = (
			);
			name = BucketList;
			productName = BucketList;
			productReference = C98597D728F321EE000ED2A0 /* BucketList.app */;
			productType = "com.apple.product-type.application";
		};
		C98597E628F321EE000ED2A0 /* BucketListTests */ = {
			isa = PBXNativeTarget;
			buildConfigurationList = C98597FE28F321EE000ED2A0 /* Build configuration list for PBXNativeTarget "BucketListTests" */;
			buildPhases = (
				C98597E328F321EE000ED2A0 /* Sources */,
				C98597E428F321EE000ED2A0 /* Frameworks */,
				C98597E528F321EE000ED2A0 /* Resources */,
			);
			buildRules = (
			);
			dependencies = (
				C98597E928F321EE000ED2A0 /* PBXTargetDependency */,
			);
			name = BucketListTests;
			productName = BucketListTests;
			productReference = C98597E728F321EE000ED2A0 /* BucketListTests.xctest */;
			productType = "com.apple.product-type.bundle.unit-test";
		};
		C98597F028F321EE000ED2A0 /* BucketListUITests */ = {
			isa = PBXNativeTarget;
			buildConfigurationList = C985980128F321EE000ED2A0 /* Build configuration list for PBXNativeTarget "BucketListUITests" */;
			buildPhases = (
				C98597ED28F321EE000ED2A0 /* Sources */,
				C98597EE28F321EE000ED2A0 /* Frameworks */,
				C98597EF28F321EE000ED2A0 /* Resources */,
			);
			buildRules = (
			);
			dependencies = (
				C98597F328F321EE000ED2A0 /* PBXTargetDependency */,
			);
			name = BucketListUITests;
			productName = BucketListUITests;
			productReference = C98597F128F321EE000ED2A0 /* BucketListUITests.xctest */;
			productType = "com.apple.product-type.bundle.ui-testing";
		};
/* End PBXNativeTarget section */

/* Begin PBXProject section */
		C98597CF28F321EE000ED2A0 /* Project object */ = {
			isa = PBXProject;
			attributes = {
				BuildIndependentTargetsInParallel = 1;
				LastSwiftUpdateCheck = 1400;
				LastUpgradeCheck = 1400;
				TargetAttributes = {
					C98597D628F321EE000ED2A0 = {
						CreatedOnToolsVersion = 14.0.1;
					};
					C98597E628F321EE000ED2A0 = {
						CreatedOnToolsVersion = 14.0.1;
						TestTargetID = C98597D628F321EE000ED2A0;
					};
					C98597F028F321EE000ED2A0 = {
						CreatedOnToolsVersion = 14.0.1;
						TestTargetID = C98597D628F321EE000ED2A0;
					};
				};
			};
			buildConfigurationList = C98597D228F321EE000ED2A0 /* Build configuration list for PBXProject "BucketList" */;
			compatibilityVersion = "Xcode 14.0";
			developmentRegion = en;
			hasScannedForEncodings = 0;
			knownRegions = (
				en,
				Base,
			);
			mainGroup = C98597CE28F321EE000ED2A0;
			productRefGroup = C98597D828F321EE000ED2A0 /* Products */;
			projectDirPath = "";
			projectRoot = "";
			targets = (
				C98597D628F321EE000ED2A0 /* BucketList */,
				C98597E628F321EE000ED2A0 /* BucketListTests */,
				C98597F028F321EE000ED2A0 /* BucketListUITests */,
			);
		};
/* End PBXProject section */

/* Begin PBXResourcesBuildPhase section */
		C98597D528F321EE000ED2A0 /* Resources */ = {
			isa = PBXResourcesBuildPhase;
			buildActionMask = 2147483647;
			files = (
				C98597E228F321EE000ED2A0 /* Preview Assets.xcassets in Resources */,
				C98597DF28F321EE000ED2A0 /* Assets.xcassets in Resources */,
			);
			runOnlyForDeploymentPostprocessing = 0;
		};
		C98597E528F321EE000ED2A0 /* Resources */ = {
			isa = PBXResourcesBuildPhase;
			buildActionMask = 2147483647;
			files = (
			);
			runOnlyForDeploymentPostprocessing = 0;
		};
		C98597EF28F321EE000ED2A0 /* Resources */ = {
			isa = PBXResourcesBuildPhase;
			buildActionMask = 2147483647;
			files = (
			);
			runOnlyForDeploymentPostprocessing = 0;
		};
/* End PBXResourcesBuildPhase section */

/* Begin PBXSourcesBuildPhase section */
		C98597D328F321EE000ED2A0 /* Sources */ = {
			isa = PBXSourcesBuildPhase;
			buildActionMask = 2147483647;
			files = (
				C93C844F28F9007C005865B4 /* CustomMapAnnotation.swift in Sources */,
				C98597DD28F321EE000ED2A0 /* ContentView.swift in Sources */,
				C985980628F32225000ED2A0 /* Helpers.swift in Sources */,
				C985980928F32420000ED2A0 /* Location.swift in Sources */,
				C93C845128F902C2005865B4 /* EditView.swift in Sources */,
				C985980E28F341BD000ED2A0 /* AddLocationBtn.swift in Sources */,
				C98597DB28F321EE000ED2A0 /* BucketListApp.swift in Sources */,
			);
			runOnlyForDeploymentPostprocessing = 0;
		};
		C98597E328F321EE000ED2A0 /* Sources */ = {
			isa = PBXSourcesBuildPhase;
			buildActionMask = 2147483647;
			files = (
				C98597EC28F321EE000ED2A0 /* BucketListTests.swift in Sources */,
			);
			runOnlyForDeploymentPostprocessing = 0;
		};
		C98597ED28F321EE000ED2A0 /* Sources */ = {
			isa = PBXSourcesBuildPhase;
			buildActionMask = 2147483647;
			files = (
				C98597F828F321EE000ED2A0 /* BucketListUITestsLaunchTests.swift in Sources */,
				C98597F628F321EE000ED2A0 /* BucketListUITests.swift in Sources */,
			);
			runOnlyForDeploymentPostprocessing = 0;
		};
/* End PBXSourcesBuildPhase section */

/* Begin PBXTargetDependency section */
		C98597E928F321EE000ED2A0 /* PBXTargetDependency */ = {
			isa = PBXTargetDependency;
			target = C98597D628F321EE000ED2A0 /* BucketList */;
			targetProxy = C98597E828F321EE000ED2A0 /* PBXContainerItemProxy */;
		};
		C98597F328F321EE000ED2A0 /* PBXTargetDependency */ = {
			isa = PBXTargetDependency;
			target = C98597D628F321EE000ED2A0 /* BucketList */;
			targetProxy = C98597F228F321EE000ED2A0 /* PBXContainerItemProxy */;
		};
/* End PBXTargetDependency section */

/* Begin XCBuildConfiguration section */
		C98597F928F321EE000ED2A0 /* Debug */ = {
			isa = XCBuildConfiguration;
			buildSettings = {
				ALWAYS_SEARCH_USER_PATHS = NO;
				CLANG_ANALYZER_NONNULL = YES;
				CLANG_ANALYZER_NUMBER_OBJECT_CONVERSION = YES_AGGRESSIVE;
				CLANG_CXX_LANGUAGE_STANDARD = "gnu++20";
				CLANG_ENABLE_MODULES = YES;
				CLANG_ENABLE_OBJC_ARC = YES;
				CLANG_ENABLE_OBJC_WEAK = YES;
				CLANG_WARN_BLOCK_CAPTURE_AUTORELEASING = YES;
				CLANG_WARN_BOOL_CONVERSION = YES;
				CLANG_WARN_COMMA = YES;
				CLANG_WARN_CONSTANT_CONVERSION = YES;
				CLANG_WARN_DEPRECATED_OBJC_IMPLEMENTATIONS = YES;
				CLANG_WARN_DIRECT_OBJC_ISA_USAGE = YES_ERROR;
				CLANG_WARN_DOCUMENTATION_COMMENTS = YES;
				CLANG_WARN_EMPTY_BODY = YES;
				CLANG_WARN_ENUM_CONVERSION = YES;
				CLANG_WARN_INFINITE_RECURSION = YES;
				CLANG_WARN_INT_CONVERSION = YES;
				CLANG_WARN_NON_LITERAL_NULL_CONVERSION = YES;
				CLANG_WARN_OBJC_IMPLICIT_RETAIN_SELF = YES;
				CLANG_WARN_OBJC_LITERAL_CONVERSION = YES;
				CLANG_WARN_OBJC_ROOT_CLASS = YES_ERROR;
				CLANG_WARN_QUOTED_INCLUDE_IN_FRAMEWORK_HEADER = YES;
				CLANG_WARN_RANGE_LOOP_ANALYSIS = YES;
				CLANG_WARN_STRICT_PROTOTYPES = YES;
				CLANG_WARN_SUSPICIOUS_MOVE = YES;
				CLANG_WARN_UNGUARDED_AVAILABILITY = YES_AGGRESSIVE;
				CLANG_WARN_UNREACHABLE_CODE = YES;
				CLANG_WARN__DUPLICATE_METHOD_MATCH = YES;
				COPY_PHASE_STRIP = NO;
				DEBUG_INFORMATION_FORMAT = dwarf;
				ENABLE_STRICT_OBJC_MSGSEND = YES;
				ENABLE_TESTABILITY = YES;
				GCC_C_LANGUAGE_STANDARD = gnu11;
				GCC_DYNAMIC_NO_PIC = NO;
				GCC_NO_COMMON_BLOCKS = YES;
				GCC_OPTIMIZATION_LEVEL = 0;
				GCC_PREPROCESSOR_DEFINITIONS = (
					"DEBUG=1",
					"$(inherited)",
				);
				GCC_WARN_64_TO_32_BIT_CONVERSION = YES;
				GCC_WARN_ABOUT_RETURN_TYPE = YES_ERROR;
				GCC_WARN_UNDECLARED_SELECTOR = YES;
				GCC_WARN_UNINITIALIZED_AUTOS = YES_AGGRESSIVE;
				GCC_WARN_UNUSED_FUNCTION = YES;
				GCC_WARN_UNUSED_VARIABLE = YES;
				IPHONEOS_DEPLOYMENT_TARGET = 16.0;
				MTL_ENABLE_DEBUG_INFO = INCLUDE_SOURCE;
				MTL_FAST_MATH = YES;
				ONLY_ACTIVE_ARCH = YES;
				SDKROOT = iphoneos;
				SWIFT_ACTIVE_COMPILATION_CONDITIONS = DEBUG;
				SWIFT_OPTIMIZATION_LEVEL = "-Onone";
			};
			name = Debug;
		};
		C98597FA28F321EE000ED2A0 /* Release */ = {
			isa = XCBuildConfiguration;
			buildSettings = {
				ALWAYS_SEARCH_USER_PATHS = NO;
				CLANG_ANALYZER_NONNULL = YES;
				CLANG_ANALYZER_NUMBER_OBJECT_CONVERSION = YES_AGGRESSIVE;
				CLANG_CXX_LANGUAGE_STANDARD = "gnu++20";
				CLANG_ENABLE_MODULES = YES;
				CLANG_ENABLE_OBJC_ARC = YES;
				CLANG_ENABLE_OBJC_WEAK = YES;
				CLANG_WARN_BLOCK_CAPTURE_AUTORELEASING = YES;
				CLANG_WARN_BOOL_CONVERSION = YES;
				CLANG_WARN_COMMA = YES;
				CLANG_WARN_CONSTANT_CONVERSION = YES;
				CLANG_WARN_DEPRECATED_OBJC_IMPLEMENTATIONS = YES;
				CLANG_WARN_DIRECT_OBJC_ISA_USAGE = YES_ERROR;
				CLANG_WARN_DOCUMENTATION_COMMENTS = YES;
				CLANG_WARN_EMPTY_BODY = YES;
				CLANG_WARN_ENUM_CONVERSION = YES;
				CLANG_WARN_INFINITE_RECURSION = YES;
				CLANG_WARN_INT_CONVERSION = YES;
				CLANG_WARN_NON_LITERAL_NULL_CONVERSION = YES;
				CLANG_WARN_OBJC_IMPLICIT_RETAIN_SELF = YES;
				CLANG_WARN_OBJC_LITERAL_CONVERSION = YES;
				CLANG_WARN_OBJC_ROOT_CLASS = YES_ERROR;
				CLANG_WARN_QUOTED_INCLUDE_IN_FRAMEWORK_HEADER = YES;
				CLANG_WARN_RANGE_LOOP_ANALYSIS = YES;
				CLANG_WARN_STRICT_PROTOTYPES = YES;
				CLANG_WARN_SUSPICIOUS_MOVE = YES;
				CLANG_WARN_UNGUARDED_AVAILABILITY = YES_AGGRESSIVE;
				CLANG_WARN_UNREACHABLE_CODE = YES;
				CLANG_WARN__DUPLICATE_METHOD_MATCH = YES;
				COPY_PHASE_STRIP = NO;
				DEBUG_INFORMATION_FORMAT = "dwarf-with-dsym";
				ENABLE_NS_ASSERTIONS = NO;
				ENABLE_STRICT_OBJC_MSGSEND = YES;
				GCC_C_LANGUAGE_STANDARD = gnu11;
				GCC_NO_COMMON_BLOCKS = YES;
				GCC_WARN_64_TO_32_BIT_CONVERSION = YES;
				GCC_WARN_ABOUT_RETURN_TYPE = YES_ERROR;
				GCC_WARN_UNDECLARED_SELECTOR = YES;
				GCC_WARN_UNINITIALIZED_AUTOS = YES_AGGRESSIVE;
				GCC_WARN_UNUSED_FUNCTION = YES;
				GCC_WARN_UNUSED_VARIABLE = YES;
				IPHONEOS_DEPLOYMENT_TARGET = 16.0;
				MTL_ENABLE_DEBUG_INFO = NO;
				MTL_FAST_MATH = YES;
				SDKROOT = iphoneos;
				SWIFT_COMPILATION_MODE = wholemodule;
				SWIFT_OPTIMIZATION_LEVEL = "-O";
				VALIDATE_PRODUCT = YES;
			};
			name = Release;
		};
		C98597FC28F321EE000ED2A0 /* Debug */ = {
			isa = XCBuildConfiguration;
			buildSettings = {
				ASSETCATALOG_COMPILER_APPICON_NAME = AppIcon;
				ASSETCATALOG_COMPILER_GLOBAL_ACCENT_COLOR_NAME = AccentColor;
				CODE_SIGN_STYLE = Automatic;
				CURRENT_PROJECT_VERSION = 1;
				DEVELOPMENT_ASSET_PATHS = "\"BucketList/Preview Content\"";
				DEVELOPMENT_TEAM = TK2D96DLGZ;
				ENABLE_PREVIEWS = YES;
				GENERATE_INFOPLIST_FILE = YES;
				INFOPLIST_KEY_UIApplicationSceneManifest_Generation = YES;
				INFOPLIST_KEY_UIApplicationSupportsIndirectInputEvents = YES;
				INFOPLIST_KEY_UILaunchScreen_Generation = YES;
				INFOPLIST_KEY_UISupportedInterfaceOrientations_iPad = "UIInterfaceOrientationPortrait UIInterfaceOrientationPortraitUpsideDown UIInterfaceOrientationLandscapeLeft UIInterfaceOrientationLandscapeRight";
				INFOPLIST_KEY_UISupportedInterfaceOrientations_iPhone = "UIInterfaceOrientationPortrait UIInterfaceOrientationLandscapeLeft UIInterfaceOrientationLandscapeRight";
				LD_RUNPATH_SEARCH_PATHS = (
					"$(inherited)",
					"@executable_path/Frameworks",
				);
				MARKETING_VERSION = 1.0;
				PRODUCT_BUNDLE_IDENTIFIER = com.jguo.BucketList;
				PRODUCT_NAME = "$(TARGET_NAME)";
				SWIFT_EMIT_LOC_STRINGS = YES;
				SWIFT_VERSION = 5.0;
				TARGETED_DEVICE_FAMILY = "1,2";
			};
			name = Debug;
		};
		C98597FD28F321EE000ED2A0 /* Release */ = {
			isa = XCBuildConfiguration;
			buildSettings = {
				ASSETCATALOG_COMPILER_APPICON_NAME = AppIcon;
				ASSETCATALOG_COMPILER_GLOBAL_ACCENT_COLOR_NAME = AccentColor;
				CODE_SIGN_STYLE = Automatic;
				CURRENT_PROJECT_VERSION = 1;
				DEVELOPMENT_ASSET_PATHS = "\"BucketList/Preview Content\"";
				DEVELOPMENT_TEAM = TK2D96DLGZ;
				ENABLE_PREVIEWS = YES;
				GENERATE_INFOPLIST_FILE = YES;
				INFOPLIST_KEY_UIApplicationSceneManifest_Generation = YES;
				INFOPLIST_KEY_UIApplicationSupportsIndirectInputEvents = YES;
				INFOPLIST_KEY_UILaunchScreen_Generation = YES;
				INFOPLIST_KEY_UISupportedInterfaceOrientations_iPad = "UIInterfaceOrientationPortrait UIInterfaceOrientationPortraitUpsideDown UIInterfaceOrientationLandscapeLeft UIInterfaceOrientationLandscapeRight";
				INFOPLIST_KEY_UISupportedInterfaceOrientations_iPhone = "UIInterfaceOrientationPortrait UIInterfaceOrientationLandscapeLeft UIInterfaceOrientationLandscapeRight";
				LD_RUNPATH_SEARCH_PATHS = (
					"$(inherited)",
					"@executable_path/Frameworks",
				);
				MARKETING_VERSION = 1.0;
				PRODUCT_BUNDLE_IDENTIFIER = com.jguo.BucketList;
				PRODUCT_NAME = "$(TARGET_NAME)";
				SWIFT_EMIT_LOC_STRINGS = YES;
				SWIFT_VERSION = 5.0;
				TARGETED_DEVICE_FAMILY = "1,2";
			};
			name = Release;
		};
		C98597FF28F321EE000ED2A0 /* Debug */ = {
			isa = XCBuildConfiguration;
			buildSettings = {
				ALWAYS_EMBED_SWIFT_STANDARD_LIBRARIES = YES;
				BUNDLE_LOADER = "$(TEST_HOST)";
				CODE_SIGN_STYLE = Automatic;
				CURRENT_PROJECT_VERSION = 1;
				DEVELOPMENT_TEAM = TK2D96DLGZ;
				GENERATE_INFOPLIST_FILE = YES;
				IPHONEOS_DEPLOYMENT_TARGET = 16.0;
				MARKETING_VERSION = 1.0;
				PRODUCT_BUNDLE_IDENTIFIER = com.jguo.BucketListTests;
				PRODUCT_NAME = "$(TARGET_NAME)";
				SWIFT_EMIT_LOC_STRINGS = NO;
				SWIFT_VERSION = 5.0;
				TARGETED_DEVICE_FAMILY = "1,2";
				TEST_HOST = "$(BUILT_PRODUCTS_DIR)/BucketList.app/$(BUNDLE_EXECUTABLE_FOLDER_PATH)/BucketList";
			};
			name = Debug;
		};
		C985980028F321EE000ED2A0 /* Release */ = {
			isa = XCBuildConfiguration;
			buildSettings = {
				ALWAYS_EMBED_SWIFT_STANDARD_LIBRARIES = YES;
				BUNDLE_LOADER = "$(TEST_HOST)";
				CODE_SIGN_STYLE = Automatic;
				CURRENT_PROJECT_VERSION = 1;
				DEVELOPMENT_TEAM = TK2D96DLGZ;
				GENERATE_INFOPLIST_FILE = YES;
				IPHONEOS_DEPLOYMENT_TARGET = 16.0;
				MARKETING_VERSION = 1.0;
				PRODUCT_BUNDLE_IDENTIFIER = com.jguo.BucketListTests;
				PRODUCT_NAME = "$(TARGET_NAME)";
				SWIFT_EMIT_LOC_STRINGS = NO;
				SWIFT_VERSION = 5.0;
				TARGETED_DEVICE_FAMILY = "1,2";
				TEST_HOST = "$(BUILT_PRODUCTS_DIR)/BucketList.app/$(BUNDLE_EXECUTABLE_FOLDER_PATH)/BucketList";
			};
			name = Release;
		};
		C985980228F321EE000ED2A0 /* Debug */ = {
			isa = XCBuildConfiguration;
			buildSettings = {
				ALWAYS_EMBED_SWIFT_STANDARD_LIBRARIES = YES;
				CODE_SIGN_STYLE = Automatic;
				CURRENT_PROJECT_VERSION = 1;
				DEVELOPMENT_TEAM = TK2D96DLGZ;
				GENERATE_INFOPLIST_FILE = YES;
				MARKETING_VERSION = 1.0;
				PRODUCT_BUNDLE_IDENTIFIER = com.jguo.BucketListUITests;
				PRODUCT_NAME = "$(TARGET_NAME)";
				SWIFT_EMIT_LOC_STRINGS = NO;
				SWIFT_VERSION = 5.0;
				TARGETED_DEVICE_FAMILY = "1,2";
				TEST_TARGET_NAME = BucketList;
			};
			name = Debug;
		};
		C985980328F321EE000ED2A0 /* Release */ = {
			isa = XCBuildConfiguration;
			buildSettings = {
				ALWAYS_EMBED_SWIFT_STANDARD_LIBRARIES = YES;
				CODE_SIGN_STYLE = Automatic;
				CURRENT_PROJECT_VERSION = 1;
				DEVELOPMENT_TEAM = TK2D96DLGZ;
				GENERATE_INFOPLIST_FILE = YES;
				MARKETING_VERSION = 1.0;
				PRODUCT_BUNDLE_IDENTIFIER = com.jguo.BucketListUITests;
				PRODUCT_NAME = "$(TARGET_NAME)";
				SWIFT_EMIT_LOC_STRINGS = NO;
				SWIFT_VERSION = 5.0;
				TARGETED_DEVICE_FAMILY = "1,2";
				TEST_TARGET_NAME = BucketList;
			};
			name = Release;
		};
/* End XCBuildConfiguration section */

/* Begin XCConfigurationList section */
		C98597D228F321EE000ED2A0 /* Build configuration list for PBXProject "BucketList" */ = {
			isa = XCConfigurationList;
			buildConfigurations = (
				C98597F928F321EE000ED2A0 /* Debug */,
				C98597FA28F321EE000ED2A0 /* Release */,
			);
			defaultConfigurationIsVisible = 0;
			defaultConfigurationName = Release;
		};
		C98597FB28F321EE000ED2A0 /* Build configuration list for PBXNativeTarget "BucketList" */ = {
			isa = XCConfigurationList;
			buildConfigurations = (
				C98597FC28F321EE000ED2A0 /* Debug */,
				C98597FD28F321EE000ED2A0 /* Release */,
			);
			defaultConfigurationIsVisible = 0;
			defaultConfigurationName = Release;
		};
		C98597FE28F321EE000ED2A0 /* Build configuration list for PBXNativeTarget "BucketListTests" */ = {
			isa = XCConfigurationList;
			buildConfigurations = (
				C98597FF28F321EE000ED2A0 /* Debug */,
				C985980028F321EE000ED2A0 /* Release */,
			);
			defaultConfigurationIsVisible = 0;
			defaultConfigurationName = Release;
		};
		C985980128F321EE000ED2A0 /* Build configuration list for PBXNativeTarget "BucketListUITests" */ = {
			isa = XCConfigurationList;
			buildConfigurations = (
				C985980228F321EE000ED2A0 /* Debug */,
				C985980328F321EE000ED2A0 /* Release */,
			);
			defaultConfigurationIsVisible = 0;
			defaultConfigurationName = Release;
		};
/* End XCConfigurationList section */
	};
	rootObject = C98597CF28F321EE000ED2A0 /* Project object */;
}
